
Microsoft Visual Studio Solution File, Format Version 12.00
# Visual Studio Version 17
VisualStudioVersion = 17.8.34330.188
MinimumVisualStudioVersion = 10.0.40219.1
Project("{FAE04EC0-301F-11D3-BF4B-00C04F79EFBC}") = "ProyectoEldoria", "ProyectoEldoria\ProyectoEldoria.csproj", "{619775AE-EE0D-44CB-8114-065C2E3ED575}"
EndProject
Global
	GlobalSection(SolutionConfigurationPlatforms) = preSolution
		Debug|Any CPU = Debug|Any CPU
		Release|Any CPU = Release|Any CPU
	EndGlobalSection
	GlobalSection(ProjectConfigurationPlatforms) = postSolution
		{619775AE-EE0D-44CB-8114-065C2E3ED575}.Debug|Any CPU.ActiveCfg = Debug|Any CPU
		{619775AE-EE0D-44CB-8114-065C2E3ED575}.Debug|Any CPU.Build.0 = Debug|Any CPU
		{619775AE-EE0D-44CB-8114-065C2E3ED575}.Release|Any CPU.ActiveCfg = Release|Any CPU
		{619775AE-EE0D-44CB-8114-065C2E3ED575}.Release|Any CPU.Build.0 = Release|Any CPU
	EndGlobalSection
	GlobalSection(SolutionProperties) = preSolution
		HideSolutionNode = FALSE
	EndGlobalSection
	GlobalSection(ExtensibilityGlobals) = postSolution
		SolutionGuid = {373FCF67-5BE0-4A63-9B8E-DE49E4A6EBB1}
	EndGlobalSection
EndGlobal
